
Microsoft Visual Studio Solution File, Format Version 12.00
# Visual Studio Version 16
VisualStudioVersion = 16.0.31911.196
MinimumVisualStudioVersion = 10.0.40219.1
Project("{FAE04EC0-301F-11D3-BF4B-00C04F79EFBC}") = "WebApplication", "WebApplication\WebApplication.csproj", "{0C229062-DD28-4D99-A059-7EFFFFBE1988}"
EndProject
Project("{FAE04EC0-301F-11D3-BF4B-00C04F79EFBC}") = "Models", "Models\Models.csproj", "{E9A8E85A-BF3C-4340-953A-943B2D375495}"
EndProject
Project("{FAE04EC0-301F-11D3-BF4B-00C04F79EFBC}") = "Services", "Services\Services.csproj", "{892E195F-CB7E-44ED-8D90-01E3D9351935}"
EndProject
Global
	GlobalSection(SolutionConfigurationPlatforms) = preSolution
		Debug|Any CPU = Debug|Any CPU
		Release|Any CPU = Release|Any CPU
	EndGlobalSection
	GlobalSection(ProjectConfigurationPlatforms) = postSolution
		{0C229062-DD28-4D99-A059-7EFFFFBE1988}.Debug|Any CPU.ActiveCfg = Debug|Any CPU
		{0C229062-DD28-4D99-A059-7EFFFFBE1988}.Debug|Any CPU.Build.0 = Debug|Any CPU
		{0C229062-DD28-4D99-A059-7EFFFFBE1988}.Release|Any CPU.ActiveCfg = Release|Any CPU
		{0C229062-DD28-4D99-A059-7EFFFFBE1988}.Release|Any CPU.Build.0 = Release|Any CPU
		{E9A8E85A-BF3C-4340-953A-943B2D375495}.Debug|Any CPU.ActiveCfg = Debug|Any CPU
		{E9A8E85A-BF3C-4340-953A-943B2D375495}.Debug|Any CPU.Build.0 = Debug|Any CPU
		{E9A8E85A-BF3C-4340-953A-943B2D375495}.Release|Any CPU.ActiveCfg = Release|Any CPU
		{E9A8E85A-BF3C-4340-953A-943B2D375495}.Release|Any CPU.Build.0 = Release|Any CPU
		{892E195F-CB7E-44ED-8D90-01E3D9351935}.Debug|Any CPU.ActiveCfg = Debug|Any CPU
		{892E195F-CB7E-44ED-8D90-01E3D9351935}.Debug|Any CPU.Build.0 = Debug|Any CPU
		{892E195F-CB7E-44ED-8D90-01E3D9351935}.Release|Any CPU.ActiveCfg = Release|Any CPU
		{892E195F-CB7E-44ED-8D90-01E3D9351935}.Release|Any CPU.Build.0 = Release|Any CPU
	EndGlobalSection
	GlobalSection(SolutionProperties) = preSolution
		HideSolutionNode = FALSE
	EndGlobalSection
	GlobalSection(ExtensibilityGlobals) = postSolution
		SolutionGuid = {1683B199-7A8E-477A-8098-E0A5C4B16E90}
	EndGlobalSection
EndGlobal
